
Microsoft Visual Studio Solution File, Format Version 12.00
# Visual Studio Version 16
VisualStudioVersion = 16.0.30413.136
MinimumVisualStudioVersion = 10.0.40219.1
Project("{FAE04EC0-301F-11D3-BF4B-00C04F79EFBC}") = "FinalProjectReact", "FinalProjectReact\FinalProjectReact.csproj", "{84B63CED-58A2-469F-BAEC-5C65F58CED9D}"
EndProject
Global
	GlobalSection(SolutionConfigurationPlatforms) = preSolution
		Debug|Any CPU = Debug|Any CPU
		Release|Any CPU = Release|Any CPU
	EndGlobalSection
	GlobalSection(ProjectConfigurationPlatforms) = postSolution
		{84B63CED-58A2-469F-BAEC-5C65F58CED9D}.Debug|Any CPU.ActiveCfg = Debug|Any CPU
		{84B63CED-58A2-469F-BAEC-5C65F58CED9D}.Debug|Any CPU.Build.0 = Debug|Any CPU
		{84B63CED-58A2-469F-BAEC-5C65F58CED9D}.Release|Any CPU.ActiveCfg = Release|Any CPU
		{84B63CED-58A2-469F-BAEC-5C65F58CED9D}.Release|Any CPU.Build.0 = Release|Any CPU
	EndGlobalSection
	GlobalSection(SolutionProperties) = preSolution
		HideSolutionNode = FALSE
	EndGlobalSection
	GlobalSection(ExtensibilityGlobals) = postSolution
		SolutionGuid = {993AF837-F3DC-403E-95BF-AE8C355B3A81}
	EndGlobalSection
EndGlobal
